
Microsoft Visual Studio Solution File, Format Version 9.00
# Visual C# Express 2005
Project("{FAE04EC0-301F-11D3-BF4B-00C04F79EFBC}") = "PacketMap", "PacketMap.csproj", "{B40C7A39-533C-4449-88B6-1A66303CB47D}"
EndProject
Project("{FAE04EC0-301F-11D3-BF4B-00C04F79EFBC}") = "ScalablePictureBox", "ScalablePictureBox\ScalablePictureBox.csproj", "{185A6E79-A824-4696-808B-5A2E315DEF3B}"
EndProject
Project("{FAE04EC0-301F-11D3-BF4B-00C04F79EFBC}") = "SharpPcap", "SharpPcap\SharpPcap.csproj", "{24262E52-1304-4A25-8F73-A3B06E40592E}"
EndProject
Global
	GlobalSection(SolutionConfigurationPlatforms) = preSolution
		Debug|Any CPU = Debug|Any CPU
		Release|Any CPU = Release|Any CPU
	EndGlobalSection
	GlobalSection(ProjectConfigurationPlatforms) = postSolution
		{B40C7A39-533C-4449-88B6-1A66303CB47D}.Debug|Any CPU.ActiveCfg = Debug|Any CPU
		{B40C7A39-533C-4449-88B6-1A66303CB47D}.Debug|Any CPU.Build.0 = Debug|Any CPU
		{B40C7A39-533C-4449-88B6-1A66303CB47D}.Release|Any CPU.ActiveCfg = Release|Any CPU
		{B40C7A39-533C-4449-88B6-1A66303CB47D}.Release|Any CPU.Build.0 = Release|Any CPU
		{185A6E79-A824-4696-808B-5A2E315DEF3B}.Debug|Any CPU.ActiveCfg = Debug|Any CPU
		{185A6E79-A824-4696-808B-5A2E315DEF3B}.Debug|Any CPU.Build.0 = Debug|Any CPU
		{185A6E79-A824-4696-808B-5A2E315DEF3B}.Release|Any CPU.ActiveCfg = Release|Any CPU
		{185A6E79-A824-4696-808B-5A2E315DEF3B}.Release|Any CPU.Build.0 = Release|Any CPU
		{24262E52-1304-4A25-8F73-A3B06E40592E}.Debug|Any CPU.ActiveCfg = Debug|Any CPU
		{24262E52-1304-4A25-8F73-A3B06E40592E}.Debug|Any CPU.Build.0 = Debug|Any CPU
		{24262E52-1304-4A25-8F73-A3B06E40592E}.Release|Any CPU.ActiveCfg = Release|Any CPU
		{24262E52-1304-4A25-8F73-A3B06E40592E}.Release|Any CPU.Build.0 = Release|Any CPU
	EndGlobalSection
	GlobalSection(SolutionProperties) = preSolution
		HideSolutionNode = FALSE
	EndGlobalSection
EndGlobal
